// !$*UTF8*$!
{
	archiveVersion = 1;
	classes = {
	};
	objectVersion = 51;
	objects = {

/* Begin PBXBuildFile section */
		30DB611B3C0520E989BB2A41 /* Pods_LastFM_iOS.framework in Frameworks */ = {isa = PBXBuildFile; fileRef = 2233F1794FD7C7E7583C223A /* Pods_LastFM_iOS.framework */; };
		902F91C5E4D35E484D6646F2 /* Pods_LastFM_iOSTests.framework in Frameworks */ = {isa = PBXBuildFile; fileRef = 18414DD2EFB2F9AA04B33853 /* Pods_LastFM_iOSTests.framework */; };
		C202316422F0483000EB632A /* Info.plist in Resources */ = {isa = PBXBuildFile; fileRef = C202316322F0483000EB632A /* Info.plist */; };
		C202317522F06E5400EB632A /* APIArtistSearchModel.swift in Sources */ = {isa = PBXBuildFile; fileRef = C202317422F06E5400EB632A /* APIArtistSearchModel.swift */; };
		C202317722F06E8600EB632A /* APIArtistSearchResultsModel.swift in Sources */ = {isa = PBXBuildFile; fileRef = C202317622F06E8600EB632A /* APIArtistSearchResultsModel.swift */; };
		C202317922F0707C00EB632A /* APIArtistMatchesModel.swift in Sources */ = {isa = PBXBuildFile; fileRef = C202317822F0707C00EB632A /* APIArtistMatchesModel.swift */; };
		C202317B22F0709F00EB632A /* APIArtistModel.swift in Sources */ = {isa = PBXBuildFile; fileRef = C202317A22F0709F00EB632A /* APIArtistModel.swift */; };
		C202317D22F070BB00EB632A /* APIImageModel.swift in Sources */ = {isa = PBXBuildFile; fileRef = C202317C22F070BB00EB632A /* APIImageModel.swift */; };
		C202317F22F070FF00EB632A /* APIImageSize.swift in Sources */ = {isa = PBXBuildFile; fileRef = C202317E22F070FF00EB632A /* APIImageSize.swift */; };
		C202318322F0714000EB632A /* APIOpensearchQueryModel.swift in Sources */ = {isa = PBXBuildFile; fileRef = C202318222F0714000EB632A /* APIOpensearchQueryModel.swift */; };
		C202318622F0736800EB632A /* APIArtistSearchAttrModel.swift in Sources */ = {isa = PBXBuildFile; fileRef = C202318522F0736800EB632A /* APIArtistSearchAttrModel.swift */; };
		C204ED8322F1DA6200FDA056 /* ArtistCollectionViewCell.swift in Sources */ = {isa = PBXBuildFile; fileRef = C204ED8222F1DA6200FDA056 /* ArtistCollectionViewCell.swift */; };
		C204ED8622F1E21400FDA056 /* ArtistModel.swift in Sources */ = {isa = PBXBuildFile; fileRef = C204ED8522F1E21400FDA056 /* ArtistModel.swift */; };
		C204ED8822F4348D00FDA056 /* APIToBusinessModelMapper.swift in Sources */ = {isa = PBXBuildFile; fileRef = C204ED8722F4348D00FDA056 /* APIToBusinessModelMapper.swift */; };
		C204ED8A22F48DF900FDA056 /* AlbumsViewController.swift in Sources */ = {isa = PBXBuildFile; fileRef = C204ED8922F48DF900FDA056 /* AlbumsViewController.swift */; };
		C204ED8C22F4930B00FDA056 /* SavedAlbumsViewController.swift in Sources */ = {isa = PBXBuildFile; fileRef = C204ED8B22F4930A00FDA056 /* SavedAlbumsViewController.swift */; };
		C204ED8E22F4DC3900FDA056 /* FetchedAlbumsViewController.swift in Sources */ = {isa = PBXBuildFile; fileRef = C204ED8D22F4DC3900FDA056 /* FetchedAlbumsViewController.swift */; };
		C204ED9622F5D74300FDA056 /* APITopAlbumsSearchModel.swift in Sources */ = {isa = PBXBuildFile; fileRef = C204ED9522F5D74300FDA056 /* APITopAlbumsSearchModel.swift */; };
		C204ED9822F5D79F00FDA056 /* APITopAlbumsModel.swift in Sources */ = {isa = PBXBuildFile; fileRef = C204ED9722F5D79F00FDA056 /* APITopAlbumsModel.swift */; };
		C204ED9A22F5D84200FDA056 /* APIAlbumModel.swift in Sources */ = {isa = PBXBuildFile; fileRef = C204ED9922F5D84200FDA056 /* APIAlbumModel.swift */; };
		C204ED9C22F5D8BC00FDA056 /* APIAlbumArtistModel.swift in Sources */ = {isa = PBXBuildFile; fileRef = C204ED9B22F5D8BC00FDA056 /* APIAlbumArtistModel.swift */; };
		C204ED9E22F5D90900FDA056 /* APITopAlbumsAttrModel.swift in Sources */ = {isa = PBXBuildFile; fileRef = C204ED9D22F5D90900FDA056 /* APITopAlbumsAttrModel.swift */; };
		C204EDA022F5EBC400FDA056 /* AlbumModel.swift in Sources */ = {isa = PBXBuildFile; fileRef = C204ED9F22F5EBC400FDA056 /* AlbumModel.swift */; };
		C204EDA322F7462600FDA056 /* AlbumTableViewCell.swift in Sources */ = {isa = PBXBuildFile; fileRef = C204EDA122F7462600FDA056 /* AlbumTableViewCell.swift */; };
		C204EDA422F7462600FDA056 /* AlbumTableViewCell.xib in Resources */ = {isa = PBXBuildFile; fileRef = C204EDA222F7462600FDA056 /* AlbumTableViewCell.xib */; };
		C204EDA622F8539200FDA056 /* AlbumInfoViewController.swift in Sources */ = {isa = PBXBuildFile; fileRef = C204EDA522F8539200FDA056 /* AlbumInfoViewController.swift */; };
		C204EDAB22F9A14800FDA056 /* APIAlbumInfoResultModel.swift in Sources */ = {isa = PBXBuildFile; fileRef = C204EDAA22F9A14800FDA056 /* APIAlbumInfoResultModel.swift */; };
		C204EDAD22F9A18600FDA056 /* APIAlbumInfoModel.swift in Sources */ = {isa = PBXBuildFile; fileRef = C204EDAC22F9A18600FDA056 /* APIAlbumInfoModel.swift */; };
		C204EDAF22F9A20F00FDA056 /* APITagsModel.swift in Sources */ = {isa = PBXBuildFile; fileRef = C204EDAE22F9A20F00FDA056 /* APITagsModel.swift */; };
		C204EDB122F9A23700FDA056 /* APITagModel.swift in Sources */ = {isa = PBXBuildFile; fileRef = C204EDB022F9A23700FDA056 /* APITagModel.swift */; };
		C204EDB322F9A26D00FDA056 /* APITracksModel.swift in Sources */ = {isa = PBXBuildFile; fileRef = C204EDB222F9A26D00FDA056 /* APITracksModel.swift */; };
		C204EDB522F9A28D00FDA056 /* APITrackModel.swift in Sources */ = {isa = PBXBuildFile; fileRef = C204EDB422F9A28D00FDA056 /* APITrackModel.swift */; };
		C204EDB722F9A2E800FDA056 /* APIAlbumInfoAttrModel.swift in Sources */ = {isa = PBXBuildFile; fileRef = C204EDB622F9A2E800FDA056 /* APIAlbumInfoAttrModel.swift */; };
		C204EDB922F9A30100FDA056 /* APIStreamableModel.swift in Sources */ = {isa = PBXBuildFile; fileRef = C204EDB822F9A30100FDA056 /* APIStreamableModel.swift */; };
		C204EDBB22F9A31800FDA056 /* APIWikiModel.swift in Sources */ = {isa = PBXBuildFile; fileRef = C204EDBA22F9A31800FDA056 /* APIWikiModel.swift */; };
		C204EDBD22F9A8FE00FDA056 /* AlbumInfoModel.swift in Sources */ = {isa = PBXBuildFile; fileRef = C204EDBC22F9A8FE00FDA056 /* AlbumInfoModel.swift */; };
		C204EDBF22F9A9A000FDA056 /* TrackModel.swift in Sources */ = {isa = PBXBuildFile; fileRef = C204EDBE22F9A9A000FDA056 /* TrackModel.swift */; };
		C209F8C922F9D6BD00438444 /* AlbumInfoDescriptionTableViewCell.swift in Sources */ = {isa = PBXBuildFile; fileRef = C209F8C822F9D6BD00438444 /* AlbumInfoDescriptionTableViewCell.swift */; };
		C209F8CD22FB06B000438444 /* AlbumInfoTrackTableViewCell.swift in Sources */ = {isa = PBXBuildFile; fileRef = C209F8CC22FB06B000438444 /* AlbumInfoTrackTableViewCell.swift */; };
		C209F8D22306D28400438444 /* RealmTrackModel.swift in Sources */ = {isa = PBXBuildFile; fileRef = C209F8D12306D28400438444 /* RealmTrackModel.swift */; };
		C209F8D42306D32B00438444 /* RealmAlbumInfoModel.swift in Sources */ = {isa = PBXBuildFile; fileRef = C209F8D32306D32A00438444 /* RealmAlbumInfoModel.swift */; };
		C209F8D6230B251A00438444 /* BusinessDBModelMapper.swift in Sources */ = {isa = PBXBuildFile; fileRef = C209F8D5230B251A00438444 /* BusinessDBModelMapper.swift */; };
		C209F8D923146C9200438444 /* DataBaseManager.swift in Sources */ = {isa = PBXBuildFile; fileRef = C209F8D823146C9200438444 /* DataBaseManager.swift */; };
		C220460222EF39EF007FFE08 /* AppDelegate.swift in Sources */ = {isa = PBXBuildFile; fileRef = C220460122EF39EF007FFE08 /* AppDelegate.swift */; };
		C220460722EF39EF007FFE08 /* Main.storyboard in Resources */ = {isa = PBXBuildFile; fileRef = C220460522EF39EF007FFE08 /* Main.storyboard */; };
		C220460922EF39F1007FFE08 /* Assets.xcassets in Resources */ = {isa = PBXBuildFile; fileRef = C220460822EF39F1007FFE08 /* Assets.xcassets */; };
		C220460C22EF39F1007FFE08 /* LaunchScreen.storyboard in Resources */ = {isa = PBXBuildFile; fileRef = C220460A22EF39F1007FFE08 /* LaunchScreen.storyboard */; };
		C220461722EF39F1007FFE08 /* LastFM_iOSTests.swift in Sources */ = {isa = PBXBuildFile; fileRef = C220461622EF39F1007FFE08 /* LastFM_iOSTests.swift */; };
		C220463022EF94D0007FFE08 /* ArtistSearchCollectionViewController.swift in Sources */ = {isa = PBXBuildFile; fileRef = C220462F22EF94D0007FFE08 /* ArtistSearchCollectionViewController.swift */; };
		C220463622F03DEE007FFE08 /* NetworkProvider.swift in Sources */ = {isa = PBXBuildFile; fileRef = C220463522F03DEE007FFE08 /* NetworkProvider.swift */; };
		C220463822F040F2007FFE08 /* Alamofire.framework in Frameworks */ = {isa = PBXBuildFile; fileRef = C220463722F040F2007FFE08 /* Alamofire.framework */; };
/* End PBXBuildFile section */

/* Begin PBXContainerItemProxy section */
		C220461322EF39F1007FFE08 /* PBXContainerItemProxy */ = {
			isa = PBXContainerItemProxy;
			containerPortal = C22045F622EF39EF007FFE08 /* Project object */;
			proxyType = 1;
			remoteGlobalIDString = C22045FD22EF39EF007FFE08;
			remoteInfo = LastFM_iOS;
		};
/* End PBXContainerItemProxy section */

/* Begin PBXFileReference section */
		18414DD2EFB2F9AA04B33853 /* Pods_LastFM_iOSTests.framework */ = {isa = PBXFileReference; explicitFileType = wrapper.framework; includeInIndex = 0; path = Pods_LastFM_iOSTests.framework; sourceTree = BUILT_PRODUCTS_DIR; };
		2233F1794FD7C7E7583C223A /* Pods_LastFM_iOS.framework */ = {isa = PBXFileReference; explicitFileType = wrapper.framework; includeInIndex = 0; path = Pods_LastFM_iOS.framework; sourceTree = BUILT_PRODUCTS_DIR; };
		22D4C22E96733B60C8BC07ED /* Pods-LastFM_iOS.debug.xcconfig */ = {isa = PBXFileReference; includeInIndex = 1; lastKnownFileType = text.xcconfig; name = "Pods-LastFM_iOS.debug.xcconfig"; path = "Target Support Files/Pods-LastFM_iOS/Pods-LastFM_iOS.debug.xcconfig"; sourceTree = "<group>"; };
		2406CC217731F69FC63264DD /* Pods-LastFM_iOS.release.xcconfig */ = {isa = PBXFileReference; includeInIndex = 1; lastKnownFileType = text.xcconfig; name = "Pods-LastFM_iOS.release.xcconfig"; path = "Target Support Files/Pods-LastFM_iOS/Pods-LastFM_iOS.release.xcconfig"; sourceTree = "<group>"; };
		377E03E244CDB4F5032E5E53 /* Pods-LastFM_iOSTests.release.xcconfig */ = {isa = PBXFileReference; includeInIndex = 1; lastKnownFileType = text.xcconfig; name = "Pods-LastFM_iOSTests.release.xcconfig"; path = "Target Support Files/Pods-LastFM_iOSTests/Pods-LastFM_iOSTests.release.xcconfig"; sourceTree = "<group>"; };
		C202316322F0483000EB632A /* Info.plist */ = {isa = PBXFileReference; fileEncoding = 4; lastKnownFileType = text.plist.xml; path = Info.plist; sourceTree = "<group>"; };
		C202317422F06E5400EB632A /* APIArtistSearchModel.swift */ = {isa = PBXFileReference; lastKnownFileType = sourcecode.swift; path = APIArtistSearchModel.swift; sourceTree = "<group>"; };
		C202317622F06E8600EB632A /* APIArtistSearchResultsModel.swift */ = {isa = PBXFileReference; lastKnownFileType = sourcecode.swift; path = APIArtistSearchResultsModel.swift; sourceTree = "<group>"; };
		C202317822F0707C00EB632A /* APIArtistMatchesModel.swift */ = {isa = PBXFileReference; lastKnownFileType = sourcecode.swift; path = APIArtistMatchesModel.swift; sourceTree = "<group>"; };
		C202317A22F0709F00EB632A /* APIArtistModel.swift */ = {isa = PBXFileReference; lastKnownFileType = sourcecode.swift; path = APIArtistModel.swift; sourceTree = "<group>"; };
		C202317C22F070BB00EB632A /* APIImageModel.swift */ = {isa = PBXFileReference; lastKnownFileType = sourcecode.swift; path = APIImageModel.swift; sourceTree = "<group>"; };
		C202317E22F070FF00EB632A /* APIImageSize.swift */ = {isa = PBXFileReference; lastKnownFileType = sourcecode.swift; path = APIImageSize.swift; sourceTree = "<group>"; };
		C202318222F0714000EB632A /* APIOpensearchQueryModel.swift */ = {isa = PBXFileReference; lastKnownFileType = sourcecode.swift; path = APIOpensearchQueryModel.swift; sourceTree = "<group>"; };
		C202318522F0736800EB632A /* APIArtistSearchAttrModel.swift */ = {isa = PBXFileReference; fileEncoding = 4; lastKnownFileType = sourcecode.swift; path = APIArtistSearchAttrModel.swift; sourceTree = "<group>"; };
		C202318822F179E500EB632A /* Info.plist */ = {isa = PBXFileReference; fileEncoding = 4; lastKnownFileType = text.plist.xml; path = Info.plist; sourceTree = "<group>"; };
		C204ED8222F1DA6200FDA056 /* ArtistCollectionViewCell.swift */ = {isa = PBXFileReference; lastKnownFileType = sourcecode.swift; path = ArtistCollectionViewCell.swift; sourceTree = "<group>"; };
		C204ED8522F1E21400FDA056 /* ArtistModel.swift */ = {isa = PBXFileReference; lastKnownFileType = sourcecode.swift; path = ArtistModel.swift; sourceTree = "<group>"; };
		C204ED8722F4348D00FDA056 /* APIToBusinessModelMapper.swift */ = {isa = PBXFileReference; lastKnownFileType = sourcecode.swift; path = APIToBusinessModelMapper.swift; sourceTree = "<group>"; };
		C204ED8922F48DF900FDA056 /* AlbumsViewController.swift */ = {isa = PBXFileReference; lastKnownFileType = sourcecode.swift; path = AlbumsViewController.swift; sourceTree = "<group>"; };
		C204ED8B22F4930A00FDA056 /* SavedAlbumsViewController.swift */ = {isa = PBXFileReference; fileEncoding = 4; lastKnownFileType = sourcecode.swift; path = SavedAlbumsViewController.swift; sourceTree = "<group>"; };
		C204ED8D22F4DC3900FDA056 /* FetchedAlbumsViewController.swift */ = {isa = PBXFileReference; lastKnownFileType = sourcecode.swift; path = FetchedAlbumsViewController.swift; sourceTree = "<group>"; };
		C204ED9522F5D74300FDA056 /* APITopAlbumsSearchModel.swift */ = {isa = PBXFileReference; lastKnownFileType = sourcecode.swift; path = APITopAlbumsSearchModel.swift; sourceTree = "<group>"; };
		C204ED9722F5D79F00FDA056 /* APITopAlbumsModel.swift */ = {isa = PBXFileReference; lastKnownFileType = sourcecode.swift; path = APITopAlbumsModel.swift; sourceTree = "<group>"; };
		C204ED9922F5D84200FDA056 /* APIAlbumModel.swift */ = {isa = PBXFileReference; lastKnownFileType = sourcecode.swift; path = APIAlbumModel.swift; sourceTree = "<group>"; };
		C204ED9B22F5D8BC00FDA056 /* APIAlbumArtistModel.swift */ = {isa = PBXFileReference; lastKnownFileType = sourcecode.swift; path = APIAlbumArtistModel.swift; sourceTree = "<group>"; };
		C204ED9D22F5D90900FDA056 /* APITopAlbumsAttrModel.swift */ = {isa = PBXFileReference; lastKnownFileType = sourcecode.swift; path = APITopAlbumsAttrModel.swift; sourceTree = "<group>"; };
		C204ED9F22F5EBC400FDA056 /* AlbumModel.swift */ = {isa = PBXFileReference; lastKnownFileType = sourcecode.swift; path = AlbumModel.swift; sourceTree = "<group>"; };
		C204EDA122F7462600FDA056 /* AlbumTableViewCell.swift */ = {isa = PBXFileReference; lastKnownFileType = sourcecode.swift; path = AlbumTableViewCell.swift; sourceTree = "<group>"; };
		C204EDA222F7462600FDA056 /* AlbumTableViewCell.xib */ = {isa = PBXFileReference; lastKnownFileType = file.xib; path = AlbumTableViewCell.xib; sourceTree = "<group>"; };
		C204EDA522F8539200FDA056 /* AlbumInfoViewController.swift */ = {isa = PBXFileReference; lastKnownFileType = sourcecode.swift; path = AlbumInfoViewController.swift; sourceTree = "<group>"; };
		C204EDAA22F9A14800FDA056 /* APIAlbumInfoResultModel.swift */ = {isa = PBXFileReference; lastKnownFileType = sourcecode.swift; path = APIAlbumInfoResultModel.swift; sourceTree = "<group>"; };
		C204EDAC22F9A18600FDA056 /* APIAlbumInfoModel.swift */ = {isa = PBXFileReference; lastKnownFileType = sourcecode.swift; path = APIAlbumInfoModel.swift; sourceTree = "<group>"; };
		C204EDAE22F9A20F00FDA056 /* APITagsModel.swift */ = {isa = PBXFileReference; lastKnownFileType = sourcecode.swift; path = APITagsModel.swift; sourceTree = "<group>"; };
		C204EDB022F9A23700FDA056 /* APITagModel.swift */ = {isa = PBXFileReference; lastKnownFileType = sourcecode.swift; path = APITagModel.swift; sourceTree = "<group>"; };
		C204EDB222F9A26D00FDA056 /* APITracksModel.swift */ = {isa = PBXFileReference; lastKnownFileType = sourcecode.swift; path = APITracksModel.swift; sourceTree = "<group>"; };
		C204EDB422F9A28D00FDA056 /* APITrackModel.swift */ = {isa = PBXFileReference; lastKnownFileType = sourcecode.swift; path = APITrackModel.swift; sourceTree = "<group>"; };
		C204EDB622F9A2E800FDA056 /* APIAlbumInfoAttrModel.swift */ = {isa = PBXFileReference; lastKnownFileType = sourcecode.swift; path = APIAlbumInfoAttrModel.swift; sourceTree = "<group>"; };
		C204EDB822F9A30100FDA056 /* APIStreamableModel.swift */ = {isa = PBXFileReference; lastKnownFileType = sourcecode.swift; path = APIStreamableModel.swift; sourceTree = "<group>"; };
		C204EDBA22F9A31800FDA056 /* APIWikiModel.swift */ = {isa = PBXFileReference; lastKnownFileType = sourcecode.swift; path = APIWikiModel.swift; sourceTree = "<group>"; };
		C204EDBC22F9A8FE00FDA056 /* AlbumInfoModel.swift */ = {isa = PBXFileReference; lastKnownFileType = sourcecode.swift; path = AlbumInfoModel.swift; sourceTree = "<group>"; };
		C204EDBE22F9A9A000FDA056 /* TrackModel.swift */ = {isa = PBXFileReference; lastKnownFileType = sourcecode.swift; path = TrackModel.swift; sourceTree = "<group>"; };
		C209F8C822F9D6BD00438444 /* AlbumInfoDescriptionTableViewCell.swift */ = {isa = PBXFileReference; lastKnownFileType = sourcecode.swift; path = AlbumInfoDescriptionTableViewCell.swift; sourceTree = "<group>"; };
		C209F8CC22FB06B000438444 /* AlbumInfoTrackTableViewCell.swift */ = {isa = PBXFileReference; fileEncoding = 4; lastKnownFileType = sourcecode.swift; path = AlbumInfoTrackTableViewCell.swift; sourceTree = "<group>"; };
		C209F8D12306D28400438444 /* RealmTrackModel.swift */ = {isa = PBXFileReference; lastKnownFileType = sourcecode.swift; path = RealmTrackModel.swift; sourceTree = "<group>"; };
		C209F8D32306D32A00438444 /* RealmAlbumInfoModel.swift */ = {isa = PBXFileReference; fileEncoding = 4; lastKnownFileType = sourcecode.swift; path = RealmAlbumInfoModel.swift; sourceTree = "<group>"; };
		C209F8D5230B251A00438444 /* BusinessDBModelMapper.swift */ = {isa = PBXFileReference; lastKnownFileType = sourcecode.swift; path = BusinessDBModelMapper.swift; sourceTree = "<group>"; };
		C209F8D823146C9200438444 /* DataBaseManager.swift */ = {isa = PBXFileReference; lastKnownFileType = sourcecode.swift; path = DataBaseManager.swift; sourceTree = "<group>"; };
		C22045FE22EF39EF007FFE08 /* LastFM_iOS.app */ = {isa = PBXFileReference; explicitFileType = wrapper.application; includeInIndex = 0; path = LastFM_iOS.app; sourceTree = BUILT_PRODUCTS_DIR; };
		C220460122EF39EF007FFE08 /* AppDelegate.swift */ = {isa = PBXFileReference; lastKnownFileType = sourcecode.swift; path = AppDelegate.swift; sourceTree = "<group>"; };
		C220460622EF39EF007FFE08 /* Base */ = {isa = PBXFileReference; lastKnownFileType = file.storyboard; name = Base; path = Base.lproj/Main.storyboard; sourceTree = "<group>"; };
		C220460822EF39F1007FFE08 /* Assets.xcassets */ = {isa = PBXFileReference; lastKnownFileType = folder.assetcatalog; path = Assets.xcassets; sourceTree = "<group>"; };
		C220460B22EF39F1007FFE08 /* Base */ = {isa = PBXFileReference; lastKnownFileType = file.storyboard; name = Base; path = Base.lproj/LaunchScreen.storyboard; sourceTree = "<group>"; };
		C220461222EF39F1007FFE08 /* LastFM_iOSTests.xctest */ = {isa = PBXFileReference; explicitFileType = wrapper.cfbundle; includeInIndex = 0; path = LastFM_iOSTests.xctest; sourceTree = BUILT_PRODUCTS_DIR; };
		C220461622EF39F1007FFE08 /* LastFM_iOSTests.swift */ = {isa = PBXFileReference; lastKnownFileType = sourcecode.swift; path = LastFM_iOSTests.swift; sourceTree = "<group>"; };
		C220462F22EF94D0007FFE08 /* ArtistSearchCollectionViewController.swift */ = {isa = PBXFileReference; lastKnownFileType = sourcecode.swift; path = ArtistSearchCollectionViewController.swift; sourceTree = "<group>"; };
		C220463522F03DEE007FFE08 /* NetworkProvider.swift */ = {isa = PBXFileReference; lastKnownFileType = sourcecode.swift; path = NetworkProvider.swift; sourceTree = "<group>"; };
		C220463722F040F2007FFE08 /* Alamofire.framework */ = {isa = PBXFileReference; explicitFileType = wrapper.framework; path = Alamofire.framework; sourceTree = BUILT_PRODUCTS_DIR; };
		D3EE983BBA7330B37DBE8369 /* Pods-LastFM_iOSTests.debug.xcconfig */ = {isa = PBXFileReference; includeInIndex = 1; lastKnownFileType = text.xcconfig; name = "Pods-LastFM_iOSTests.debug.xcconfig"; path = "Target Support Files/Pods-LastFM_iOSTests/Pods-LastFM_iOSTests.debug.xcconfig"; sourceTree = "<group>"; };
/* End PBXFileReference section */

/* Begin PBXFrameworksBuildPhase section */
		C22045FB22EF39EF007FFE08 /* Frameworks */ = {
			isa = PBXFrameworksBuildPhase;
			buildActionMask = 2147483647;
			files = (
				C220463822F040F2007FFE08 /* Alamofire.framework in Frameworks */,
				30DB611B3C0520E989BB2A41 /* Pods_LastFM_iOS.framework in Frameworks */,
			);
			runOnlyForDeploymentPostprocessing = 0;
		};
		C220460F22EF39F1007FFE08 /* Frameworks */ = {
			isa = PBXFrameworksBuildPhase;
			buildActionMask = 2147483647;
			files = (
				902F91C5E4D35E484D6646F2 /* Pods_LastFM_iOSTests.framework in Frameworks */,
			);
			runOnlyForDeploymentPostprocessing = 0;
		};
/* End PBXFrameworksBuildPhase section */

/* Begin PBXGroup section */
		C202316522F048BA00EB632A /* API */ = {
			isa = PBXGroup;
			children = (
				C204EDA922F9A10500FDA056 /* AlbumInfo */,
				C204EDA822F9A0AA00FDA056 /* TopAlbums */,
				C204EDA722F9A06A00FDA056 /* ArtistSearch */,
				C202317E22F070FF00EB632A /* APIImageSize.swift */,
				C202317C22F070BB00EB632A /* APIImageModel.swift */,
			);
			path = API;
			sourceTree = "<group>";
		};
		C202318722F179E500EB632A /* Support Files */ = {
			isa = PBXGroup;
			children = (
				C202318822F179E500EB632A /* Info.plist */,
			);
			path = "Support Files";
			sourceTree = "<group>";
		};
		C204ED8122F1DA3400FDA056 /* Views */ = {
			isa = PBXGroup;
			children = (
				C209F8CC22FB06B000438444 /* AlbumInfoTrackTableViewCell.swift */,
				C204ED8222F1DA6200FDA056 /* ArtistCollectionViewCell.swift */,
				C204EDA122F7462600FDA056 /* AlbumTableViewCell.swift */,
				C204EDA222F7462600FDA056 /* AlbumTableViewCell.xib */,
				C209F8C822F9D6BD00438444 /* AlbumInfoDescriptionTableViewCell.swift */,
			);
			path = Views;
			sourceTree = "<group>";
		};
		C204ED8422F1E1F000FDA056 /* Business */ = {
			isa = PBXGroup;
			children = (
				C204ED8522F1E21400FDA056 /* ArtistModel.swift */,
				C204ED9F22F5EBC400FDA056 /* AlbumModel.swift */,
				C204EDBC22F9A8FE00FDA056 /* AlbumInfoModel.swift */,
				C204EDBE22F9A9A000FDA056 /* TrackModel.swift */,
			);
			path = Business;
			sourceTree = "<group>";
		};
		C204EDA722F9A06A00FDA056 /* ArtistSearch */ = {
			isa = PBXGroup;
			children = (
				C202318522F0736800EB632A /* APIArtistSearchAttrModel.swift */,
				C202317A22F0709F00EB632A /* APIArtistModel.swift */,
				C202317622F06E8600EB632A /* APIArtistSearchResultsModel.swift */,
				C202317422F06E5400EB632A /* APIArtistSearchModel.swift */,
				C202318222F0714000EB632A /* APIOpensearchQueryModel.swift */,
				C202317822F0707C00EB632A /* APIArtistMatchesModel.swift */,
			);
			path = ArtistSearch;
			sourceTree = "<group>";
		};
		C204EDA822F9A0AA00FDA056 /* TopAlbums */ = {
			isa = PBXGroup;
			children = (
				C204ED9522F5D74300FDA056 /* APITopAlbumsSearchModel.swift */,
				C204ED9922F5D84200FDA056 /* APIAlbumModel.swift */,
				C204ED9B22F5D8BC00FDA056 /* APIAlbumArtistModel.swift */,
				C204ED9722F5D79F00FDA056 /* APITopAlbumsModel.swift */,
				C204ED9D22F5D90900FDA056 /* APITopAlbumsAttrModel.swift */,
			);
			path = TopAlbums;
			sourceTree = "<group>";
		};
		C204EDA922F9A10500FDA056 /* AlbumInfo */ = {
			isa = PBXGroup;
			children = (
				C204EDAA22F9A14800FDA056 /* APIAlbumInfoResultModel.swift */,
				C204EDAC22F9A18600FDA056 /* APIAlbumInfoModel.swift */,
				C204EDAE22F9A20F00FDA056 /* APITagsModel.swift */,
				C204EDB022F9A23700FDA056 /* APITagModel.swift */,
				C204EDB222F9A26D00FDA056 /* APITracksModel.swift */,
				C204EDB422F9A28D00FDA056 /* APITrackModel.swift */,
				C204EDB622F9A2E800FDA056 /* APIAlbumInfoAttrModel.swift */,
				C204EDB822F9A30100FDA056 /* APIStreamableModel.swift */,
				C204EDBA22F9A31800FDA056 /* APIWikiModel.swift */,
			);
			path = AlbumInfo;
			sourceTree = "<group>";
		};
		C209F8CE2306ADA900438444 /* Realm */ = {
			isa = PBXGroup;
			children = (
				C209F8D32306D32A00438444 /* RealmAlbumInfoModel.swift */,
				C209F8D12306D28400438444 /* RealmTrackModel.swift */,
			);
			path = Realm;
			sourceTree = "<group>";
		};
		C209F8D723146C7700438444 /* DB */ = {
			isa = PBXGroup;
			children = (
				C209F8D823146C9200438444 /* DataBaseManager.swift */,
			);
			path = DB;
			sourceTree = "<group>";
		};
		C22045F522EF39EF007FFE08 = {
			isa = PBXGroup;
			children = (
				C220460022EF39EF007FFE08 /* LastFM_iOS */,
				C220461522EF39F1007FFE08 /* LastFM_iOSTests */,
				C22045FF22EF39EF007FFE08 /* Products */,
				DC03121466FA46E72D4DB336 /* Pods */,
				E91275A317169374E3E742B3 /* Frameworks */,
			);
			sourceTree = "<group>";
		};
		C22045FF22EF39EF007FFE08 /* Products */ = {
			isa = PBXGroup;
			children = (
				C22045FE22EF39EF007FFE08 /* LastFM_iOS.app */,
				C220461222EF39F1007FFE08 /* LastFM_iOSTests.xctest */,
			);
			name = Products;
			sourceTree = "<group>";
		};
		C220460022EF39EF007FFE08 /* LastFM_iOS */ = {
			isa = PBXGroup;
			children = (
				C209F8D723146C7700438444 /* DB */,
				C220462622EF7769007FFE08 /* App */,
				C220462522EF7756007FFE08 /* ViewController */,
				C220463222F03CB7007FFE08 /* Model */,
				C204ED8122F1DA3400FDA056 /* Views */,
				C220463122F02E2D007FFE08 /* Network */,
				C220462822EF777D007FFE08 /* Resources */,
				C202318722F179E500EB632A /* Support Files */,
			);
			path = LastFM_iOS;
			sourceTree = "<group>";
		};
		C220461522EF39F1007FFE08 /* LastFM_iOSTests */ = {
			isa = PBXGroup;
			children = (
				C202316322F0483000EB632A /* Info.plist */,
				C220461622EF39F1007FFE08 /* LastFM_iOSTests.swift */,
			);
			path = LastFM_iOSTests;
			sourceTree = "<group>";
		};
		C220462522EF7756007FFE08 /* ViewController */ = {
			isa = PBXGroup;
			children = (
				C204ED8B22F4930A00FDA056 /* SavedAlbumsViewController.swift */,
				C220462F22EF94D0007FFE08 /* ArtistSearchCollectionViewController.swift */,
				C204ED8922F48DF900FDA056 /* AlbumsViewController.swift */,
				C204ED8D22F4DC3900FDA056 /* FetchedAlbumsViewController.swift */,
				C204EDA522F8539200FDA056 /* AlbumInfoViewController.swift */,
			);
			path = ViewController;
			sourceTree = "<group>";
		};
		C220462622EF7769007FFE08 /* App */ = {
			isa = PBXGroup;
			children = (
				C220460122EF39EF007FFE08 /* AppDelegate.swift */,
			);
			path = App;
			sourceTree = "<group>";
		};
		C220462822EF777D007FFE08 /* Resources */ = {
			isa = PBXGroup;
			children = (
				C220462922EF77AB007FFE08 /* Storyboards */,
				C220460822EF39F1007FFE08 /* Assets.xcassets */,
			);
			path = Resources;
			sourceTree = "<group>";
		};
		C220462922EF77AB007FFE08 /* Storyboards */ = {
			isa = PBXGroup;
			children = (
				C220460522EF39EF007FFE08 /* Main.storyboard */,
				C220460A22EF39F1007FFE08 /* LaunchScreen.storyboard */,
			);
			path = Storyboards;
			sourceTree = "<group>";
		};
		C220463122F02E2D007FFE08 /* Network */ = {
			isa = PBXGroup;
			children = (
				C220463522F03DEE007FFE08 /* NetworkProvider.swift */,
			);
			path = Network;
			sourceTree = "<group>";
		};
		C220463222F03CB7007FFE08 /* Model */ = {
			isa = PBXGroup;
			children = (
				C209F8CE2306ADA900438444 /* Realm */,
				C202316522F048BA00EB632A /* API */,
				C204ED8422F1E1F000FDA056 /* Business */,
				C204ED8722F4348D00FDA056 /* APIToBusinessModelMapper.swift */,
				C209F8D5230B251A00438444 /* BusinessDBModelMapper.swift */,
			);
			path = Model;
			sourceTree = "<group>";
		};
		DC03121466FA46E72D4DB336 /* Pods */ = {
			isa = PBXGroup;
			children = (
				22D4C22E96733B60C8BC07ED /* Pods-LastFM_iOS.debug.xcconfig */,
				2406CC217731F69FC63264DD /* Pods-LastFM_iOS.release.xcconfig */,
				D3EE983BBA7330B37DBE8369 /* Pods-LastFM_iOSTests.debug.xcconfig */,
				377E03E244CDB4F5032E5E53 /* Pods-LastFM_iOSTests.release.xcconfig */,
			);
			path = Pods;
			sourceTree = "<group>";
		};
		E91275A317169374E3E742B3 /* Frameworks */ = {
			isa = PBXGroup;
			children = (
				C220463722F040F2007FFE08 /* Alamofire.framework */,
				2233F1794FD7C7E7583C223A /* Pods_LastFM_iOS.framework */,
				18414DD2EFB2F9AA04B33853 /* Pods_LastFM_iOSTests.framework */,
			);
			name = Frameworks;
			sourceTree = "<group>";
		};
/* End PBXGroup section */

/* Begin PBXNativeTarget section */
		C22045FD22EF39EF007FFE08 /* LastFM_iOS */ = {
			isa = PBXNativeTarget;
			buildConfigurationList = C220461B22EF39F1007FFE08 /* Build configuration list for PBXNativeTarget "LastFM_iOS" */;
			buildPhases = (
				FDB66715279BF7B3D96BCE66 /* [CP] Check Pods Manifest.lock */,
				C22045FA22EF39EF007FFE08 /* Sources */,
				C22045FB22EF39EF007FFE08 /* Frameworks */,
				C22045FC22EF39EF007FFE08 /* Resources */,
				3B57ACB4420DE51CB14CE274 /* [CP] Embed Pods Frameworks */,
			);
			buildRules = (
			);
			dependencies = (
			);
			name = LastFM_iOS;
			productName = LastFM_iOS;
			productReference = C22045FE22EF39EF007FFE08 /* LastFM_iOS.app */;
			productType = "com.apple.product-type.application";
		};
		C220461122EF39F1007FFE08 /* LastFM_iOSTests */ = {
			isa = PBXNativeTarget;
			buildConfigurationList = C220461E22EF39F1007FFE08 /* Build configuration list for PBXNativeTarget "LastFM_iOSTests" */;
			buildPhases = (
				4FCA463F4F5A60A25EFBCD9D /* [CP] Check Pods Manifest.lock */,
				C220460E22EF39F1007FFE08 /* Sources */,
				C220460F22EF39F1007FFE08 /* Frameworks */,
				C220461022EF39F1007FFE08 /* Resources */,
			);
			buildRules = (
			);
			dependencies = (
				C220461422EF39F1007FFE08 /* PBXTargetDependency */,
			);
			name = LastFM_iOSTests;
			productName = LastFM_iOSTests;
			productReference = C220461222EF39F1007FFE08 /* LastFM_iOSTests.xctest */;
			productType = "com.apple.product-type.bundle.unit-test";
		};
/* End PBXNativeTarget section */

/* Begin PBXProject section */
		C22045F622EF39EF007FFE08 /* Project object */ = {
			isa = PBXProject;
			attributes = {
				LastSwiftUpdateCheck = 1030;
				LastUpgradeCheck = 1030;
				ORGANIZATIONNAME = Nikkuts;
				TargetAttributes = {
					C22045FD22EF39EF007FFE08 = {
						CreatedOnToolsVersion = 10.3;
					};
					C220461122EF39F1007FFE08 = {
						CreatedOnToolsVersion = 10.3;
						TestTargetID = C22045FD22EF39EF007FFE08;
					};
				};
			};
			buildConfigurationList = C22045F922EF39EF007FFE08 /* Build configuration list for PBXProject "LastFM_iOS" */;
			compatibilityVersion = "Xcode 9.3";
			developmentRegion = en;
			hasScannedForEncodings = 0;
			knownRegions = (
				en,
				Base,
			);
			mainGroup = C22045F522EF39EF007FFE08;
			productRefGroup = C22045FF22EF39EF007FFE08 /* Products */;
			projectDirPath = "";
			projectRoot = "";
			targets = (
				C22045FD22EF39EF007FFE08 /* LastFM_iOS */,
				C220461122EF39F1007FFE08 /* LastFM_iOSTests */,
			);
		};
/* End PBXProject section */

/* Begin PBXResourcesBuildPhase section */
		C22045FC22EF39EF007FFE08 /* Resources */ = {
			isa = PBXResourcesBuildPhase;
			buildActionMask = 2147483647;
			files = (
				C220460C22EF39F1007FFE08 /* LaunchScreen.storyboard in Resources */,
				C220460922EF39F1007FFE08 /* Assets.xcassets in Resources */,
				C220460722EF39EF007FFE08 /* Main.storyboard in Resources */,
				C204EDA422F7462600FDA056 /* AlbumTableViewCell.xib in Resources */,
			);
			runOnlyForDeploymentPostprocessing = 0;
		};
		C220461022EF39F1007FFE08 /* Resources */ = {
			isa = PBXResourcesBuildPhase;
			buildActionMask = 2147483647;
			files = (
				C202316422F0483000EB632A /* Info.plist in Resources */,
			);
			runOnlyForDeploymentPostprocessing = 0;
		};
/* End PBXResourcesBuildPhase section */

/* Begin PBXShellScriptBuildPhase section */
		3B57ACB4420DE51CB14CE274 /* [CP] Embed Pods Frameworks */ = {
			isa = PBXShellScriptBuildPhase;
			buildActionMask = 2147483647;
			files = (
			);
			inputFileListPaths = (
				"${PODS_ROOT}/Target Support Files/Pods-LastFM_iOS/Pods-LastFM_iOS-frameworks-${CONFIGURATION}-input-files.xcfilelist",
			);
			name = "[CP] Embed Pods Frameworks";
			outputFileListPaths = (
				"${PODS_ROOT}/Target Support Files/Pods-LastFM_iOS/Pods-LastFM_iOS-frameworks-${CONFIGURATION}-output-files.xcfilelist",
			);
			runOnlyForDeploymentPostprocessing = 0;
			shellPath = /bin/sh;
			shellScript = "\"${PODS_ROOT}/Target Support Files/Pods-LastFM_iOS/Pods-LastFM_iOS-frameworks.sh\"\n";
			showEnvVarsInLog = 0;
		};
		4FCA463F4F5A60A25EFBCD9D /* [CP] Check Pods Manifest.lock */ = {
			isa = PBXShellScriptBuildPhase;
			buildActionMask = 2147483647;
			files = (
			);
			inputFileListPaths = (
			);
			inputPaths = (
				"${PODS_PODFILE_DIR_PATH}/Podfile.lock",
				"${PODS_ROOT}/Manifest.lock",
			);
			name = "[CP] Check Pods Manifest.lock";
			outputFileListPaths = (
			);
			outputPaths = (
				"$(DERIVED_FILE_DIR)/Pods-LastFM_iOSTests-checkManifestLockResult.txt",
			);
			runOnlyForDeploymentPostprocessing = 0;
			shellPath = /bin/sh;
			shellScript = "diff \"${PODS_PODFILE_DIR_PATH}/Podfile.lock\" \"${PODS_ROOT}/Manifest.lock\" > /dev/null\nif [ $? != 0 ] ; then\n    # print error to STDERR\n    echo \"error: The sandbox is not in sync with the Podfile.lock. Run 'pod install' or update your CocoaPods installation.\" >&2\n    exit 1\nfi\n# This output is used by Xcode 'outputs' to avoid re-running this script phase.\necho \"SUCCESS\" > \"${SCRIPT_OUTPUT_FILE_0}\"\n";
			showEnvVarsInLog = 0;
		};
		FDB66715279BF7B3D96BCE66 /* [CP] Check Pods Manifest.lock */ = {
			isa = PBXShellScriptBuildPhase;
			buildActionMask = 2147483647;
			files = (
			);
			inputFileListPaths = (
			);
			inputPaths = (
				"${PODS_PODFILE_DIR_PATH}/Podfile.lock",
				"${PODS_ROOT}/Manifest.lock",
			);
			name = "[CP] Check Pods Manifest.lock";
			outputFileListPaths = (
			);
			outputPaths = (
				"$(DERIVED_FILE_DIR)/Pods-LastFM_iOS-checkManifestLockResult.txt",
			);
			runOnlyForDeploymentPostprocessing = 0;
			shellPath = /bin/sh;
			shellScript = "diff \"${PODS_PODFILE_DIR_PATH}/Podfile.lock\" \"${PODS_ROOT}/Manifest.lock\" > /dev/null\nif [ $? != 0 ] ; then\n    # print error to STDERR\n    echo \"error: The sandbox is not in sync with the Podfile.lock. Run 'pod install' or update your CocoaPods installation.\" >&2\n    exit 1\nfi\n# This output is used by Xcode 'outputs' to avoid re-running this script phase.\necho \"SUCCESS\" > \"${SCRIPT_OUTPUT_FILE_0}\"\n";
			showEnvVarsInLog = 0;
		};
/* End PBXShellScriptBuildPhase section */

/* Begin PBXSourcesBuildPhase section */
		C22045FA22EF39EF007FFE08 /* Sources */ = {
			isa = PBXSourcesBuildPhase;
			buildActionMask = 2147483647;
			files = (
				C209F8D42306D32B00438444 /* RealmAlbumInfoModel.swift in Sources */,
				C204ED9E22F5D90900FDA056 /* APITopAlbumsAttrModel.swift in Sources */,
				C204EDA022F5EBC400FDA056 /* AlbumModel.swift in Sources */,
				C204EDA622F8539200FDA056 /* AlbumInfoViewController.swift in Sources */,
				C209F8D923146C9200438444 /* DataBaseManager.swift in Sources */,
				C204EDAF22F9A20F00FDA056 /* APITagsModel.swift in Sources */,
				C202317922F0707C00EB632A /* APIArtistMatchesModel.swift in Sources */,
				C204ED8322F1DA6200FDA056 /* ArtistCollectionViewCell.swift in Sources */,
				C209F8C922F9D6BD00438444 /* AlbumInfoDescriptionTableViewCell.swift in Sources */,
				C209F8D22306D28400438444 /* RealmTrackModel.swift in Sources */,
				C204EDBB22F9A31800FDA056 /* APIWikiModel.swift in Sources */,
				C202317722F06E8600EB632A /* APIArtistSearchResultsModel.swift in Sources */,
				C204ED9A22F5D84200FDA056 /* APIAlbumModel.swift in Sources */,
				C204EDB922F9A30100FDA056 /* APIStreamableModel.swift in Sources */,
				C204EDB322F9A26D00FDA056 /* APITracksModel.swift in Sources */,
				C220463022EF94D0007FFE08 /* ArtistSearchCollectionViewController.swift in Sources */,
				C204ED9822F5D79F00FDA056 /* APITopAlbumsModel.swift in Sources */,
				C204EDBF22F9A9A000FDA056 /* TrackModel.swift in Sources */,
				C204EDB122F9A23700FDA056 /* APITagModel.swift in Sources */,
				C202317F22F070FF00EB632A /* APIImageSize.swift in Sources */,
				C202317B22F0709F00EB632A /* APIArtistModel.swift in Sources */,
				C204ED8622F1E21400FDA056 /* ArtistModel.swift in Sources */,
				C204ED8C22F4930B00FDA056 /* SavedAlbumsViewController.swift in Sources */,
				C220463622F03DEE007FFE08 /* NetworkProvider.swift in Sources */,
				C204ED8A22F48DF900FDA056 /* AlbumsViewController.swift in Sources */,
				C202318322F0714000EB632A /* APIOpensearchQueryModel.swift in Sources */,
				C204EDAB22F9A14800FDA056 /* APIAlbumInfoResultModel.swift in Sources */,
				C204ED8822F4348D00FDA056 /* APIToBusinessModelMapper.swift in Sources */,
				C204ED8E22F4DC3900FDA056 /* FetchedAlbumsViewController.swift in Sources */,
				C202317522F06E5400EB632A /* APIArtistSearchModel.swift in Sources */,
				C204EDAD22F9A18600FDA056 /* APIAlbumInfoModel.swift in Sources */,
				C204EDB522F9A28D00FDA056 /* APITrackModel.swift in Sources */,
				C204EDB722F9A2E800FDA056 /* APIAlbumInfoAttrModel.swift in Sources */,
				C202318622F0736800EB632A /* APIArtistSearchAttrModel.swift in Sources */,
				C209F8CD22FB06B000438444 /* AlbumInfoTrackTableViewCell.swift in Sources */,
				C204ED9622F5D74300FDA056 /* APITopAlbumsSearchModel.swift in Sources */,
				C204ED9C22F5D8BC00FDA056 /* APIAlbumArtistModel.swift in Sources */,
				C202317D22F070BB00EB632A /* APIImageModel.swift in Sources */,
				C220460222EF39EF007FFE08 /* AppDelegate.swift in Sources */,
				C204EDBD22F9A8FE00FDA056 /* AlbumInfoModel.swift in Sources */,
				C204EDA322F7462600FDA056 /* AlbumTableViewCell.swift in Sources */,
				C209F8D6230B251A00438444 /* BusinessDBModelMapper.swift in Sources */,
			);
			runOnlyForDeploymentPostprocessing = 0;
		};
		C220460E22EF39F1007FFE08 /* Sources */ = {
			isa = PBXSourcesBuildPhase;
			buildActionMask = 2147483647;
			files = (
				C220461722EF39F1007FFE08 /* LastFM_iOSTests.swift in Sources */,
			);
			runOnlyForDeploymentPostprocessing = 0;
		};
/* End PBXSourcesBuildPhase section */

/* Begin PBXTargetDependency section */
		C220461422EF39F1007FFE08 /* PBXTargetDependency */ = {
			isa = PBXTargetDependency;
			target = C22045FD22EF39EF007FFE08 /* LastFM_iOS */;
			targetProxy = C220461322EF39F1007FFE08 /* PBXContainerItemProxy */;
		};
/* End PBXTargetDependency section */

/* Begin PBXVariantGroup section */
		C220460522EF39EF007FFE08 /* Main.storyboard */ = {
			isa = PBXVariantGroup;
			children = (
				C220460622EF39EF007FFE08 /* Base */,
			);
			name = Main.storyboard;
			sourceTree = "<group>";
		};
		C220460A22EF39F1007FFE08 /* LaunchScreen.storyboard */ = {
			isa = PBXVariantGroup;
			children = (
				C220460B22EF39F1007FFE08 /* Base */,
			);
			name = LaunchScreen.storyboard;
			sourceTree = "<group>";
		};
/* End PBXVariantGroup section */

/* Begin XCBuildConfiguration section */
		C220461922EF39F1007FFE08 /* Debug */ = {
			isa = XCBuildConfiguration;
			buildSettings = {
				ALWAYS_SEARCH_USER_PATHS = NO;
				CLANG_ANALYZER_NONNULL = YES;
				CLANG_ANALYZER_NUMBER_OBJECT_CONVERSION = YES_AGGRESSIVE;
				CLANG_CXX_LANGUAGE_STANDARD = "gnu++14";
				CLANG_CXX_LIBRARY = "libc++";
				CLANG_ENABLE_MODULES = YES;
				CLANG_ENABLE_OBJC_ARC = YES;
				CLANG_ENABLE_OBJC_WEAK = YES;
				CLANG_WARN_BLOCK_CAPTURE_AUTORELEASING = YES;
				CLANG_WARN_BOOL_CONVERSION = YES;
				CLANG_WARN_COMMA = YES;
				CLANG_WARN_CONSTANT_CONVERSION = YES;
				CLANG_WARN_DEPRECATED_OBJC_IMPLEMENTATIONS = YES;
				CLANG_WARN_DIRECT_OBJC_ISA_USAGE = YES_ERROR;
				CLANG_WARN_DOCUMENTATION_COMMENTS = YES;
				CLANG_WARN_EMPTY_BODY = YES;
				CLANG_WARN_ENUM_CONVERSION = YES;
				CLANG_WARN_INFINITE_RECURSION = YES;
				CLANG_WARN_INT_CONVERSION = YES;
				CLANG_WARN_NON_LITERAL_NULL_CONVERSION = YES;
				CLANG_WARN_OBJC_IMPLICIT_RETAIN_SELF = YES;
				CLANG_WARN_OBJC_LITERAL_CONVERSION = YES;
				CLANG_WARN_OBJC_ROOT_CLASS = YES_ERROR;
				CLANG_WARN_RANGE_LOOP_ANALYSIS = YES;
				CLANG_WARN_STRICT_PROTOTYPES = YES;
				CLANG_WARN_SUSPICIOUS_MOVE = YES;
				CLANG_WARN_UNGUARDED_AVAILABILITY = YES_AGGRESSIVE;
				CLANG_WARN_UNREACHABLE_CODE = YES;
				CLANG_WARN__DUPLICATE_METHOD_MATCH = YES;
				CODE_SIGN_IDENTITY = "iPhone Developer";
				COPY_PHASE_STRIP = NO;
				DEBUG_INFORMATION_FORMAT = dwarf;
				ENABLE_STRICT_OBJC_MSGSEND = YES;
				ENABLE_TESTABILITY = YES;
				GCC_C_LANGUAGE_STANDARD = gnu11;
				GCC_DYNAMIC_NO_PIC = NO;
				GCC_NO_COMMON_BLOCKS = YES;
				GCC_OPTIMIZATION_LEVEL = 0;
				GCC_PREPROCESSOR_DEFINITIONS = (
					"DEBUG=1",
					"$(inherited)",
				);
				GCC_WARN_64_TO_32_BIT_CONVERSION = YES;
				GCC_WARN_ABOUT_RETURN_TYPE = YES_ERROR;
				GCC_WARN_UNDECLARED_SELECTOR = YES;
				GCC_WARN_UNINITIALIZED_AUTOS = YES_AGGRESSIVE;
				GCC_WARN_UNUSED_FUNCTION = YES;
				GCC_WARN_UNUSED_VARIABLE = YES;
				"INFOPLIST_FILE[sdk=*]" = "";
				IPHONEOS_DEPLOYMENT_TARGET = 12.4;
				MTL_ENABLE_DEBUG_INFO = INCLUDE_SOURCE;
				MTL_FAST_MATH = YES;
				ONLY_ACTIVE_ARCH = YES;
				SDKROOT = iphoneos;
				SWIFT_ACTIVE_COMPILATION_CONDITIONS = DEBUG;
				SWIFT_OPTIMIZATION_LEVEL = "-Onone";
			};
			name = Debug;
		};
		C220461A22EF39F1007FFE08 /* Release */ = {
			isa = XCBuildConfiguration;
			buildSettings = {
				ALWAYS_SEARCH_USER_PATHS = NO;
				CLANG_ANALYZER_NONNULL = YES;
				CLANG_ANALYZER_NUMBER_OBJECT_CONVERSION = YES_AGGRESSIVE;
				CLANG_CXX_LANGUAGE_STANDARD = "gnu++14";
				CLANG_CXX_LIBRARY = "libc++";
				CLANG_ENABLE_MODULES = YES;
				CLANG_ENABLE_OBJC_ARC = YES;
				CLANG_ENABLE_OBJC_WEAK = YES;
				CLANG_WARN_BLOCK_CAPTURE_AUTORELEASING = YES;
				CLANG_WARN_BOOL_CONVERSION = YES;
				CLANG_WARN_COMMA = YES;
				CLANG_WARN_CONSTANT_CONVERSION = YES;
				CLANG_WARN_DEPRECATED_OBJC_IMPLEMENTATIONS = YES;
				CLANG_WARN_DIRECT_OBJC_ISA_USAGE = YES_ERROR;
				CLANG_WARN_DOCUMENTATION_COMMENTS = YES;
				CLANG_WARN_EMPTY_BODY = YES;
				CLANG_WARN_ENUM_CONVERSION = YES;
				CLANG_WARN_INFINITE_RECURSION = YES;
				CLANG_WARN_INT_CONVERSION = YES;
				CLANG_WARN_NON_LITERAL_NULL_CONVERSION = YES;
				CLANG_WARN_OBJC_IMPLICIT_RETAIN_SELF = YES;
				CLANG_WARN_OBJC_LITERAL_CONVERSION = YES;
				CLANG_WARN_OBJC_ROOT_CLASS = YES_ERROR;
				CLANG_WARN_RANGE_LOOP_ANALYSIS = YES;
				CLANG_WARN_STRICT_PROTOTYPES = YES;
				CLANG_WARN_SUSPICIOUS_MOVE = YES;
				CLANG_WARN_UNGUARDED_AVAILABILITY = YES_AGGRESSIVE;
				CLANG_WARN_UNREACHABLE_CODE = YES;
				CLANG_WARN__DUPLICATE_METHOD_MATCH = YES;
				CODE_SIGN_IDENTITY = "iPhone Developer";
				COPY_PHASE_STRIP = NO;
				DEBUG_INFORMATION_FORMAT = "dwarf-with-dsym";
				ENABLE_NS_ASSERTIONS = NO;
				ENABLE_STRICT_OBJC_MSGSEND = YES;
				GCC_C_LANGUAGE_STANDARD = gnu11;
				GCC_NO_COMMON_BLOCKS = YES;
				GCC_WARN_64_TO_32_BIT_CONVERSION = YES;
				GCC_WARN_ABOUT_RETURN_TYPE = YES_ERROR;
				GCC_WARN_UNDECLARED_SELECTOR = YES;
				GCC_WARN_UNINITIALIZED_AUTOS = YES_AGGRESSIVE;
				GCC_WARN_UNUSED_FUNCTION = YES;
				GCC_WARN_UNUSED_VARIABLE = YES;
				IPHONEOS_DEPLOYMENT_TARGET = 12.4;
				MTL_ENABLE_DEBUG_INFO = NO;
				MTL_FAST_MATH = YES;
				SDKROOT = iphoneos;
				SWIFT_COMPILATION_MODE = wholemodule;
				SWIFT_OPTIMIZATION_LEVEL = "-O";
				VALIDATE_PRODUCT = YES;
			};
			name = Release;
		};
		C220461C22EF39F1007FFE08 /* Debug */ = {
			isa = XCBuildConfiguration;
			baseConfigurationReference = 22D4C22E96733B60C8BC07ED /* Pods-LastFM_iOS.debug.xcconfig */;
			buildSettings = {
				ASSETCATALOG_COMPILER_APPICON_NAME = AppIcon;
				CODE_SIGN_STYLE = Automatic;
				INFOPLIST_FILE = "/Users/nikkuts/Documents/Projects/Pet/LastFM_iOS/LastFM_iOS/Support Files/Info.plist";
				LD_RUNPATH_SEARCH_PATHS = (
					"$(inherited)",
					"@executable_path/Frameworks",
				);
				PRODUCT_BUNDLE_IDENTIFIER = "com.example.LastFM-iOS";
				PRODUCT_NAME = "$(TARGET_NAME)";
				SWIFT_VERSION = 5.0;
				TARGETED_DEVICE_FAMILY = "1,2";
			};
			name = Debug;
		};
		C220461D22EF39F1007FFE08 /* Release */ = {
			isa = XCBuildConfiguration;
			baseConfigurationReference = 2406CC217731F69FC63264DD /* Pods-LastFM_iOS.release.xcconfig */;
			buildSettings = {
				ASSETCATALOG_COMPILER_APPICON_NAME = AppIcon;
				CODE_SIGN_STYLE = Automatic;
				INFOPLIST_FILE = "/Users/nikkuts/Documents/Projects/Pet/LastFM_iOS/LastFM_iOS/Support Files/Info.plist";
				LD_RUNPATH_SEARCH_PATHS = (
					"$(inherited)",
					"@executable_path/Frameworks",
				);
				PRODUCT_BUNDLE_IDENTIFIER = "com.example.LastFM-iOS";
				PRODUCT_NAME = "$(TARGET_NAME)";
				SWIFT_VERSION = 5.0;
				TARGETED_DEVICE_FAMILY = "1,2";
			};
			name = Release;
		};
		C220461F22EF39F1007FFE08 /* Debug */ = {
			isa = XCBuildConfiguration;
			baseConfigurationReference = D3EE983BBA7330B37DBE8369 /* Pods-LastFM_iOSTests.debug.xcconfig */;
			buildSettings = {
				ALWAYS_EMBED_SWIFT_STANDARD_LIBRARIES = YES;
				BUNDLE_LOADER = "$(TEST_HOST)";
				CODE_SIGN_STYLE = Automatic;
				INFOPLIST_FILE = LastFM_iOSTests/Info.plist;
				LD_RUNPATH_SEARCH_PATHS = (
					"$(inherited)",
					"@executable_path/Frameworks",
					"@loader_path/Frameworks",
				);
				PRODUCT_BUNDLE_IDENTIFIER = "com.example.LastFM-iOSTests";
				PRODUCT_NAME = "$(TARGET_NAME)";
				SWIFT_VERSION = 5.0;
				TARGETED_DEVICE_FAMILY = "1,2";
				TEST_HOST = "$(BUILT_PRODUCTS_DIR)/LastFM_iOS.app/LastFM_iOS";
			};
			name = Debug;
		};
		C220462022EF39F1007FFE08 /* Release */ = {
			isa = XCBuildConfiguration;
			baseConfigurationReference = 377E03E244CDB4F5032E5E53 /* Pods-LastFM_iOSTests.release.xcconfig */;
			buildSettings = {
				ALWAYS_EMBED_SWIFT_STANDARD_LIBRARIES = YES;
				BUNDLE_LOADER = "$(TEST_HOST)";
				CODE_SIGN_STYLE = Automatic;
				INFOPLIST_FILE = LastFM_iOSTests/Info.plist;
				LD_RUNPATH_SEARCH_PATHS = (
					"$(inherited)",
					"@executable_path/Frameworks",
					"@loader_path/Frameworks",
				);
				PRODUCT_BUNDLE_IDENTIFIER = "com.example.LastFM-iOSTests";
				PRODUCT_NAME = "$(TARGET_NAME)";
				SWIFT_VERSION = 5.0;
				TARGETED_DEVICE_FAMILY = "1,2";
				TEST_HOST = "$(BUILT_PRODUCTS_DIR)/LastFM_iOS.app/LastFM_iOS";
			};
			name = Release;
		};
/* End XCBuildConfiguration section */

/* Begin XCConfigurationList section */
		C22045F922EF39EF007FFE08 /* Build configuration list for PBXProject "LastFM_iOS" */ = {
			isa = XCConfigurationList;
			buildConfigurations = (
				C220461922EF39F1007FFE08 /* Debug */,
				C220461A22EF39F1007FFE08 /* Release */,
			);
			defaultConfigurationIsVisible = 0;
			defaultConfigurationName = Release;
		};
		C220461B22EF39F1007FFE08 /* Build configuration list for PBXNativeTarget "LastFM_iOS" */ = {
			isa = XCConfigurationList;
			buildConfigurations = (
				C220461C22EF39F1007FFE08 /* Debug */,
				C220461D22EF39F1007FFE08 /* Release */,
			);
			defaultConfigurationIsVisible = 0;
			defaultConfigurationName = Release;
		};
		C220461E22EF39F1007FFE08 /* Build configuration list for PBXNativeTarget "LastFM_iOSTests" */ = {
			isa = XCConfigurationList;
			buildConfigurations = (
				C220461F22EF39F1007FFE08 /* Debug */,
				C220462022EF39F1007FFE08 /* Release */,
			);
			defaultConfigurationIsVisible = 0;
			defaultConfigurationName = Release;
		};
/* End XCConfigurationList section */
	};
	rootObject = C22045F622EF39EF007FFE08 /* Project object */;
}
